
Microsoft Visual Studio Solution File, Format Version 12.00
# Visual Studio Version 16
VisualStudioVersion = 16.0.28803.156
MinimumVisualStudioVersion = 10.0.40219.1
Project("{FAE04EC0-301F-11D3-BF4B-00C04F79EFBC}") = "OSCSGO", "OSCSGO.csproj", "{88A04206-B62E-433D-A940-09329D026DFF}"
EndProject
Global
	GlobalSection(SolutionConfigurationPlatforms) = preSolution
		Debug|Any CPU = Debug|Any CPU
		Release|Any CPU = Release|Any CPU
	EndGlobalSection
	GlobalSection(ProjectConfigurationPlatforms) = postSolution
		{88A04206-B62E-433D-A940-09329D026DFF}.Debug|Any CPU.ActiveCfg = Debug|Any CPU
		{88A04206-B62E-433D-A940-09329D026DFF}.Debug|Any CPU.Build.0 = Debug|Any CPU
		{88A04206-B62E-433D-A940-09329D026DFF}.Release|Any CPU.ActiveCfg = Release|Any CPU
		{88A04206-B62E-433D-A940-09329D026DFF}.Release|Any CPU.Build.0 = Release|Any CPU
	EndGlobalSection
	GlobalSection(SolutionProperties) = preSolution
		HideSolutionNode = FALSE
	EndGlobalSection
	GlobalSection(ExtensibilityGlobals) = postSolution
		SolutionGuid = {41544005-F148-4743-B5F6-840821402C52}
	EndGlobalSection
EndGlobal
